
Microsoft Visual Studio Solution File, Format Version 12.00
# Visual Studio Version 17
VisualStudioVersion = 17.14.36408.4 d17.14
MinimumVisualStudioVersion = 10.0.40219.1
Project("{FAE04EC0-301F-11D3-BF4B-00C04F79EFBC}") = "Model", "FitUp\Model.csproj", "{C3E66140-572A-44A0-A6AB-299D5E0552F5}"
EndProject
Global
	GlobalSection(SolutionConfigurationPlatforms) = preSolution
		Debug|Any CPU = Debug|Any CPU
		Release|Any CPU = Release|Any CPU
	EndGlobalSection
	GlobalSection(ProjectConfigurationPlatforms) = postSolution
		{C3E66140-572A-44A0-A6AB-299D5E0552F5}.Debug|Any CPU.ActiveCfg = Debug|Any CPU
		{C3E66140-572A-44A0-A6AB-299D5E0552F5}.Debug|Any CPU.Build.0 = Debug|Any CPU
		{C3E66140-572A-44A0-A6AB-299D5E0552F5}.Release|Any CPU.ActiveCfg = Release|Any CPU
		{C3E66140-572A-44A0-A6AB-299D5E0552F5}.Release|Any CPU.Build.0 = Release|Any CPU
	EndGlobalSection
	GlobalSection(SolutionProperties) = preSolution
		HideSolutionNode = FALSE
	EndGlobalSection
	GlobalSection(ExtensibilityGlobals) = postSolution
		SolutionGuid = {79F0AB4A-FF85-471E-8EEC-A75C8FC21425}
	EndGlobalSection
EndGlobal
